
Microsoft Visual Studio Solution File, Format Version 12.00
# Visual Studio Version 17
VisualStudioVersion = 17.0.31903.59
MinimumVisualStudioVersion = 10.0.40219.1
Project("{FAE04EC0-301F-11D3-BF4B-00C04F79EFBC}") = "KurWebApi", "KurWebApi\KurWebApi.csproj", "{073683D8-5812-4550-89E8-ECD7C6339A5B}"
EndProject
Project("{FAE04EC0-301F-11D3-BF4B-00C04F79EFBC}") = "Deneme", "Deneme\Deneme.csproj", "{609F52C9-12A2-4521-A27E-5705671B20C5}"
EndProject
Project("{FAE04EC0-301F-11D3-BF4B-00C04F79EFBC}") = "KurWebApp", "KurWebApp\KurWebApp.csproj", "{80C59881-654A-4D18-B550-0DB0EDA83A36}"
EndProject
Global
	GlobalSection(SolutionConfigurationPlatforms) = preSolution
		Debug|Any CPU = Debug|Any CPU
		Release|Any CPU = Release|Any CPU
	EndGlobalSection
	GlobalSection(ProjectConfigurationPlatforms) = postSolution
		{073683D8-5812-4550-89E8-ECD7C6339A5B}.Debug|Any CPU.ActiveCfg = Debug|Any CPU
		{073683D8-5812-4550-89E8-ECD7C6339A5B}.Debug|Any CPU.Build.0 = Debug|Any CPU
		{073683D8-5812-4550-89E8-ECD7C6339A5B}.Release|Any CPU.ActiveCfg = Release|Any CPU
		{073683D8-5812-4550-89E8-ECD7C6339A5B}.Release|Any CPU.Build.0 = Release|Any CPU
		{609F52C9-12A2-4521-A27E-5705671B20C5}.Debug|Any CPU.ActiveCfg = Debug|Any CPU
		{609F52C9-12A2-4521-A27E-5705671B20C5}.Debug|Any CPU.Build.0 = Debug|Any CPU
		{609F52C9-12A2-4521-A27E-5705671B20C5}.Release|Any CPU.ActiveCfg = Release|Any CPU
		{609F52C9-12A2-4521-A27E-5705671B20C5}.Release|Any CPU.Build.0 = Release|Any CPU
		{80C59881-654A-4D18-B550-0DB0EDA83A36}.Debug|Any CPU.ActiveCfg = Debug|Any CPU
		{80C59881-654A-4D18-B550-0DB0EDA83A36}.Debug|Any CPU.Build.0 = Debug|Any CPU
		{80C59881-654A-4D18-B550-0DB0EDA83A36}.Release|Any CPU.ActiveCfg = Release|Any CPU
		{80C59881-654A-4D18-B550-0DB0EDA83A36}.Release|Any CPU.Build.0 = Release|Any CPU
	EndGlobalSection
	GlobalSection(SolutionProperties) = preSolution
		HideSolutionNode = FALSE
	EndGlobalSection
	GlobalSection(ExtensibilityGlobals) = postSolution
		SolutionGuid = {97C70A0A-E8A1-41EC-89BB-D10023F9C099}
	EndGlobalSection
EndGlobal
